
Microsoft Visual Studio Solution File, Format Version 12.00
# Visual Studio 15
VisualStudioVersion = 15.0.26730.10
MinimumVisualStudioVersion = 10.0.40219.1
Project("{FAE04EC0-301F-11D3-BF4B-00C04F79EFBC}") = "AtenasCore.Admin", "AtenasCore.Admin\AtenasCore.Admin.csproj", "{75F7CE85-2FDF-4AA1-8693-168D697061D2}"
EndProject
Project("{FAE04EC0-301F-11D3-BF4B-00C04F79EFBC}") = "Repository", "Repository\Repository.csproj", "{0999D640-AFCF-413C-B46E-B7A646509FC0}"
EndProject
Global
	GlobalSection(SolutionConfigurationPlatforms) = preSolution
		Debug|Any CPU = Debug|Any CPU
		Release|Any CPU = Release|Any CPU
	EndGlobalSection
	GlobalSection(ProjectConfigurationPlatforms) = postSolution
		{75F7CE85-2FDF-4AA1-8693-168D697061D2}.Debug|Any CPU.ActiveCfg = Debug|Any CPU
		{75F7CE85-2FDF-4AA1-8693-168D697061D2}.Debug|Any CPU.Build.0 = Debug|Any CPU
		{75F7CE85-2FDF-4AA1-8693-168D697061D2}.Release|Any CPU.ActiveCfg = Release|Any CPU
		{75F7CE85-2FDF-4AA1-8693-168D697061D2}.Release|Any CPU.Build.0 = Release|Any CPU
		{0999D640-AFCF-413C-B46E-B7A646509FC0}.Debug|Any CPU.ActiveCfg = Debug|Any CPU
		{0999D640-AFCF-413C-B46E-B7A646509FC0}.Debug|Any CPU.Build.0 = Debug|Any CPU
		{0999D640-AFCF-413C-B46E-B7A646509FC0}.Release|Any CPU.ActiveCfg = Release|Any CPU
		{0999D640-AFCF-413C-B46E-B7A646509FC0}.Release|Any CPU.Build.0 = Release|Any CPU
	EndGlobalSection
	GlobalSection(SolutionProperties) = preSolution
		HideSolutionNode = FALSE
	EndGlobalSection
	GlobalSection(ExtensibilityGlobals) = postSolution
		SolutionGuid = {F6088070-AA8B-41CA-B80D-ED1530445857}
	EndGlobalSection
EndGlobal
